
Microsoft Visual Studio Solution File, Format Version 12.00
# Visual Studio Version 16
VisualStudioVersion = 16.0.29519.87
MinimumVisualStudioVersion = 10.0.40219.1
Project("{FAE04EC0-301F-11D3-BF4B-00C04F79EFBC}") = "PushNotification.Web", "PushNotification.Web\PushNotification.Web.csproj", "{BD8B0E54-D40A-4984-9CB6-E2ECDE15F7DA}"
EndProject
Global
	GlobalSection(SolutionConfigurationPlatforms) = preSolution
		Debug|Any CPU = Debug|Any CPU
		Release|Any CPU = Release|Any CPU
	EndGlobalSection
	GlobalSection(ProjectConfigurationPlatforms) = postSolution
		{BD8B0E54-D40A-4984-9CB6-E2ECDE15F7DA}.Debug|Any CPU.ActiveCfg = Debug|Any CPU
		{BD8B0E54-D40A-4984-9CB6-E2ECDE15F7DA}.Debug|Any CPU.Build.0 = Debug|Any CPU
		{BD8B0E54-D40A-4984-9CB6-E2ECDE15F7DA}.Release|Any CPU.ActiveCfg = Release|Any CPU
		{BD8B0E54-D40A-4984-9CB6-E2ECDE15F7DA}.Release|Any CPU.Build.0 = Release|Any CPU
	EndGlobalSection
	GlobalSection(SolutionProperties) = preSolution
		HideSolutionNode = FALSE
	EndGlobalSection
	GlobalSection(ExtensibilityGlobals) = postSolution
		SolutionGuid = {DD454244-F1F8-48CF-A7C0-FE28FAC33E39}
	EndGlobalSection
EndGlobal
